
Microsoft Visual Studio Solution File, Format Version 12.00
Project("{FAE04EC0-301F-11D3-BF4B-00C04F79EFBC}") = "OSItemIndex.Models", "OSItemIndex.Models.csproj", "{DE31413A-EAC2-4FDD-A4C0-A35C26A8444D}"
EndProject
Global
	GlobalSection(SolutionConfigurationPlatforms) = preSolution
		Debug|Any CPU = Debug|Any CPU
		Release|Any CPU = Release|Any CPU
	EndGlobalSection
	GlobalSection(ProjectConfigurationPlatforms) = postSolution
		{DE31413A-EAC2-4FDD-A4C0-A35C26A8444D}.Debug|Any CPU.ActiveCfg = Debug|Any CPU
		{DE31413A-EAC2-4FDD-A4C0-A35C26A8444D}.Debug|Any CPU.Build.0 = Debug|Any CPU
		{DE31413A-EAC2-4FDD-A4C0-A35C26A8444D}.Release|Any CPU.ActiveCfg = Release|Any CPU
		{DE31413A-EAC2-4FDD-A4C0-A35C26A8444D}.Release|Any CPU.Build.0 = Release|Any CPU
	EndGlobalSection
EndGlobal
