
Microsoft Visual Studio Solution File, Format Version 12.00
Project("{FAE04EC0-301F-11D3-BF4B-00C04F79EFBC}") = "OsItemIndex.Data", "OsItemIndex.Data.csproj", "{49BE76BF-62D3-4A4C-BBA6-AFD40BCC4ACB}"
EndProject
Global
	GlobalSection(SolutionConfigurationPlatforms) = preSolution
		Debug|Any CPU = Debug|Any CPU
		Release|Any CPU = Release|Any CPU
	EndGlobalSection
	GlobalSection(ProjectConfigurationPlatforms) = postSolution
		{49BE76BF-62D3-4A4C-BBA6-AFD40BCC4ACB}.Debug|Any CPU.ActiveCfg = Debug|Any CPU
		{49BE76BF-62D3-4A4C-BBA6-AFD40BCC4ACB}.Debug|Any CPU.Build.0 = Debug|Any CPU
		{49BE76BF-62D3-4A4C-BBA6-AFD40BCC4ACB}.Release|Any CPU.ActiveCfg = Release|Any CPU
		{49BE76BF-62D3-4A4C-BBA6-AFD40BCC4ACB}.Release|Any CPU.Build.0 = Release|Any CPU
	EndGlobalSection
EndGlobal
